{
  "nodes": {
    "nixpkgs": {
      "locked": {
        "lastModified": 1729694674,
        "narHash": "sha256-gFJ3sLTU8NjBpfy5OvWwRpY4PGsf7CWWo37MQ9Kmqto=",
        "owner": "NixOS",
        "repo": "nixpkgs",
        "rev": "fa957fa9d827c2bf471acdf00c89806cec47926b",
        "type": "github"
      },
      "original": {
        "owner": "NixOS",
        "repo": "nixpkgs",
        "type": "github"
      }
    },
    "root": {
      "inputs": {
        "nixpkgs": "nixpkgs"
      }
    }
  },
  "root": "root",
  "version": 7
}
